{
  "name": "pam-diff",
  "version": "0.4.3",
  "lockfileVersion": 1,
  "requires": true,
  "dependencies": {
    "pipe2pam": {
      "version": "0.4.4",
      "resolved": "https://registry.npmjs.org/pipe2pam/-/pipe2pam-0.4.4.tgz",
      "integrity": "sha512-9GDRCUESqr5crJsEjPUPjhBfkx6NCY8JwDCbLnrj8f9TANz2NWqiGK1+h5Ho0IEQEMWBiZp/NGUfzsNndAfuRQ==",
      "dev": true
    },
    "polygon-points": {
      "version": "0.1.1",
      "resolved": "https://registry.npmjs.org/polygon-points/-/polygon-points-0.1.1.tgz",
      "integrity": "sha512-6+o9vyiHJxo034bU5uvRce9OBgnjO5N1uyZ8V3JePCUbDI/pPxLlKjt6cD6e5N7dfNObUssj26HpdcQ///3ijw=="
    }
  }
}
