{
  "name": "pam-diff",
  "version": "0.2.0",
  "lockfileVersion": 1,
  "requires": true,
  "dependencies": {
    "pipe2pam": {
      "version": "0.2.1",
      "resolved": "https://registry.npmjs.org/pipe2pam/-/pipe2pam-0.2.1.tgz",
      "integrity": "sha512-dFTEDziKq7Tsg/TV9r5zwpLeRdxY9RXC/tS293OT2BYMM6T6gjigslUQOsoHx5RYtxTdZSCEluNSFgiP1qGg3A==",
      "dev": true
    }
  }
}
