{
  "name": "pam-diff",
  "version": "0.5.0",
  "lockfileVersion": 1,
  "requires": true,
  "dependencies": {
    "pipe2pam": {
      "version": "0.6.0",
      "resolved": "https://registry.npmjs.org/pipe2pam/-/pipe2pam-0.6.0.tgz",
      "integrity": "sha512-R+PKEULW+l4imWZYLdxaEOoNFVtzToE0tUI5XdYybti5D5ixBIHV0a9nD+E5eQK7EfcbnEjxXPo5uwkMsX+pzA==",
      "dev": true
    },
    "polygon-points": {
      "version": "0.3.0",
      "resolved": "https://registry.npmjs.org/polygon-points/-/polygon-points-0.3.0.tgz",
      "integrity": "sha512-nzM5ozSjehvuYZCjvq5MpWsTK7g8Grynk+LuIk8Ce11VqttSPfguoUSGAXK4OVwco2PpGfDtUkLp7wFc8+8wjw=="
    }
  }
}
